
Microsoft Visual Studio Solution File, Format Version 12.00
# Visual Studio Version 16
VisualStudioVersion = 16.0.34114.132
MinimumVisualStudioVersion = 10.0.40219.1
Project("{FAE04EC0-301F-11D3-BF4B-00C04F79EFBC}") = "MinimumSpanningTree", "MinimumSpanningTree\MinimumSpanningTree.csproj", "{863A7358-9BC9-4156-AA83-306517F37AC2}"
EndProject
Project("{54435603-DBB4-11D2-8724-00A0C9A8B90C}") = "Setup", "Setup\Setup.vdproj", "{D8608996-41E1-426F-8190-73CA5F688A1A}"
EndProject
Global
	GlobalSection(SolutionConfigurationPlatforms) = preSolution
		Debug|Any CPU = Debug|Any CPU
		Release|Any CPU = Release|Any CPU
	EndGlobalSection
	GlobalSection(ProjectConfigurationPlatforms) = postSolution
		{863A7358-9BC9-4156-AA83-306517F37AC2}.Debug|Any CPU.ActiveCfg = Debug|Any CPU
		{863A7358-9BC9-4156-AA83-306517F37AC2}.Debug|Any CPU.Build.0 = Debug|Any CPU
		{863A7358-9BC9-4156-AA83-306517F37AC2}.Release|Any CPU.ActiveCfg = Release|Any CPU
		{863A7358-9BC9-4156-AA83-306517F37AC2}.Release|Any CPU.Build.0 = Release|Any CPU
		{D8608996-41E1-426F-8190-73CA5F688A1A}.Debug|Any CPU.ActiveCfg = Debug
		{D8608996-41E1-426F-8190-73CA5F688A1A}.Release|Any CPU.ActiveCfg = Release
	EndGlobalSection
	GlobalSection(SolutionProperties) = preSolution
		HideSolutionNode = FALSE
	EndGlobalSection
	GlobalSection(ExtensibilityGlobals) = postSolution
		SolutionGuid = {B6CCA27B-49B4-46E0-B639-34F3B16523D7}
	EndGlobalSection
EndGlobal
